// !$*UTF8*$!
{
	archiveVersion = 1;
	classes = {
	};
	objectVersion = 46;
	objects = {

/* Begin PBXBuildFile section */
		9062099B1A12276100DF5C38 /* AppDelegate.swift in Sources */ = {isa = PBXBuildFile; fileRef = 9062099A1A12276100DF5C38 /* AppDelegate.swift */; };
		9062099E1A12276100DF5C38 /* SSKTableViewLearning.xcdatamodeld in Sources */ = {isa = PBXBuildFile; fileRef = 9062099C1A12276100DF5C38 /* SSKTableViewLearning.xcdatamodeld */; };
		906209A31A12276100DF5C38 /* Main.storyboard in Resources */ = {isa = PBXBuildFile; fileRef = 906209A11A12276100DF5C38 /* Main.storyboard */; };
		906209A51A12276100DF5C38 /* Images.xcassets in Resources */ = {isa = PBXBuildFile; fileRef = 906209A41A12276100DF5C38 /* Images.xcassets */; };
		906209A81A12276100DF5C38 /* LaunchScreen.xib in Resources */ = {isa = PBXBuildFile; fileRef = 906209A61A12276100DF5C38 /* LaunchScreen.xib */; };
		906209B41A12276100DF5C38 /* SSKTableViewLearningTests.swift in Sources */ = {isa = PBXBuildFile; fileRef = 906209B31A12276100DF5C38 /* SSKTableViewLearningTests.swift */; };
		906209BE1A1227BE00DF5C38 /* MainTableViewController.swift in Sources */ = {isa = PBXBuildFile; fileRef = 906209BD1A1227BE00DF5C38 /* MainTableViewController.swift */; };
		90674D8E1A123FBC00D4FCFC /* SwiftyJSON.swift in Sources */ = {isa = PBXBuildFile; fileRef = 90674D8D1A123FBC00D4FCFC /* SwiftyJSON.swift */; };
		90674D901A123FD700D4FCFC /* DataManager.swift in Sources */ = {isa = PBXBuildFile; fileRef = 90674D8F1A123FD700D4FCFC /* DataManager.swift */; };
		90674D931A125AC300D4FCFC /* LaunchScreenViewController.swift in Sources */ = {isa = PBXBuildFile; fileRef = 90674D921A125AC300D4FCFC /* LaunchScreenViewController.swift */; };
		90674D951A125C2500D4FCFC /* MainNavigationViewController.swift in Sources */ = {isa = PBXBuildFile; fileRef = 90674D941A125C2500D4FCFC /* MainNavigationViewController.swift */; };
/* End PBXBuildFile section */

/* Begin PBXContainerItemProxy section */
		906209AE1A12276100DF5C38 /* PBXContainerItemProxy */ = {
			isa = PBXContainerItemProxy;
			containerPortal = 9062098D1A12276100DF5C38 /* Project object */;
			proxyType = 1;
			remoteGlobalIDString = 906209941A12276100DF5C38;
			remoteInfo = SSKTableViewLearning;
		};
/* End PBXContainerItemProxy section */

/* Begin PBXFileReference section */
		906209951A12276100DF5C38 /* SSKTableViewLearning.app */ = {isa = PBXFileReference; explicitFileType = wrapper.application; includeInIndex = 0; path = SSKTableViewLearning.app; sourceTree = BUILT_PRODUCTS_DIR; };
		906209991A12276100DF5C38 /* Info.plist */ = {isa = PBXFileReference; lastKnownFileType = text.plist.xml; path = Info.plist; sourceTree = "<group>"; };
		9062099A1A12276100DF5C38 /* AppDelegate.swift */ = {isa = PBXFileReference; lastKnownFileType = sourcecode.swift; path = AppDelegate.swift; sourceTree = "<group>"; };
		9062099D1A12276100DF5C38 /* SSKTableViewLearning.xcdatamodel */ = {isa = PBXFileReference; lastKnownFileType = wrapper.xcdatamodel; path = SSKTableViewLearning.xcdatamodel; sourceTree = "<group>"; };
		906209A21A12276100DF5C38 /* Base */ = {isa = PBXFileReference; lastKnownFileType = file.storyboard; name = Base; path = Base.lproj/Main.storyboard; sourceTree = "<group>"; };
		906209A41A12276100DF5C38 /* Images.xcassets */ = {isa = PBXFileReference; lastKnownFileType = folder.assetcatalog; path = Images.xcassets; sourceTree = "<group>"; };
		906209A71A12276100DF5C38 /* Base */ = {isa = PBXFileReference; lastKnownFileType = file.xib; name = Base; path = Base.lproj/LaunchScreen.xib; sourceTree = "<group>"; };
		906209AD1A12276100DF5C38 /* SSKTableViewLearningTests.xctest */ = {isa = PBXFileReference; explicitFileType = wrapper.cfbundle; includeInIndex = 0; path = SSKTableViewLearningTests.xctest; sourceTree = BUILT_PRODUCTS_DIR; };
		906209B21A12276100DF5C38 /* Info.plist */ = {isa = PBXFileReference; lastKnownFileType = text.plist.xml; path = Info.plist; sourceTree = "<group>"; };
		906209B31A12276100DF5C38 /* SSKTableViewLearningTests.swift */ = {isa = PBXFileReference; lastKnownFileType = sourcecode.swift; path = SSKTableViewLearningTests.swift; sourceTree = "<group>"; };
		906209BD1A1227BE00DF5C38 /* MainTableViewController.swift */ = {isa = PBXFileReference; fileEncoding = 4; lastKnownFileType = sourcecode.swift; path = MainTableViewController.swift; sourceTree = "<group>"; };
		90674D8D1A123FBC00D4FCFC /* SwiftyJSON.swift */ = {isa = PBXFileReference; fileEncoding = 4; lastKnownFileType = sourcecode.swift; path = SwiftyJSON.swift; sourceTree = "<group>"; };
		90674D8F1A123FD700D4FCFC /* DataManager.swift */ = {isa = PBXFileReference; fileEncoding = 4; lastKnownFileType = sourcecode.swift; path = DataManager.swift; sourceTree = "<group>"; };
		90674D921A125AC300D4FCFC /* LaunchScreenViewController.swift */ = {isa = PBXFileReference; fileEncoding = 4; lastKnownFileType = sourcecode.swift; path = LaunchScreenViewController.swift; sourceTree = "<group>"; };
		90674D941A125C2500D4FCFC /* MainNavigationViewController.swift */ = {isa = PBXFileReference; fileEncoding = 4; lastKnownFileType = sourcecode.swift; path = MainNavigationViewController.swift; sourceTree = "<group>"; };
/* End PBXFileReference section */

/* Begin PBXFrameworksBuildPhase section */
		906209921A12276100DF5C38 /* Frameworks */ = {
			isa = PBXFrameworksBuildPhase;
			buildActionMask = 2147483647;
			files = (
			);
			runOnlyForDeploymentPostprocessing = 0;
		};
		906209AA1A12276100DF5C38 /* Frameworks */ = {
			isa = PBXFrameworksBuildPhase;
			buildActionMask = 2147483647;
			files = (
			);
			runOnlyForDeploymentPostprocessing = 0;
		};
/* End PBXFrameworksBuildPhase section */

/* Begin PBXGroup section */
		9062098C1A12276000DF5C38 = {
			isa = PBXGroup;
			children = (
				906209971A12276100DF5C38 /* SSKTableViewLearning */,
				906209B01A12276100DF5C38 /* SSKTableViewLearningTests */,
				906209961A12276100DF5C38 /* Products */,
			);
			sourceTree = "<group>";
		};
		906209961A12276100DF5C38 /* Products */ = {
			isa = PBXGroup;
			children = (
				906209951A12276100DF5C38 /* SSKTableViewLearning.app */,
				906209AD1A12276100DF5C38 /* SSKTableViewLearningTests.xctest */,
			);
			name = Products;
			sourceTree = "<group>";
		};
		906209971A12276100DF5C38 /* SSKTableViewLearning */ = {
			isa = PBXGroup;
			children = (
				90674D8F1A123FD700D4FCFC /* DataManager.swift */,
				90674D8D1A123FBC00D4FCFC /* SwiftyJSON.swift */,
				9062099A1A12276100DF5C38 /* AppDelegate.swift */,
				90674D941A125C2500D4FCFC /* MainNavigationViewController.swift */,
				906209BD1A1227BE00DF5C38 /* MainTableViewController.swift */,
				90674D921A125AC300D4FCFC /* LaunchScreenViewController.swift */,
				906209A11A12276100DF5C38 /* Main.storyboard */,
				906209A41A12276100DF5C38 /* Images.xcassets */,
				906209A61A12276100DF5C38 /* LaunchScreen.xib */,
				9062099C1A12276100DF5C38 /* SSKTableViewLearning.xcdatamodeld */,
				906209981A12276100DF5C38 /* Supporting Files */,
			);
			path = SSKTableViewLearning;
			sourceTree = "<group>";
		};
		906209981A12276100DF5C38 /* Supporting Files */ = {
			isa = PBXGroup;
			children = (
				906209991A12276100DF5C38 /* Info.plist */,
			);
			name = "Supporting Files";
			sourceTree = "<group>";
		};
		906209B01A12276100DF5C38 /* SSKTableViewLearningTests */ = {
			isa = PBXGroup;
			children = (
				906209B31A12276100DF5C38 /* SSKTableViewLearningTests.swift */,
				906209B11A12276100DF5C38 /* Supporting Files */,
			);
			path = SSKTableViewLearningTests;
			sourceTree = "<group>";
		};
		906209B11A12276100DF5C38 /* Supporting Files */ = {
			isa = PBXGroup;
			children = (
				906209B21A12276100DF5C38 /* Info.plist */,
			);
			name = "Supporting Files";
			sourceTree = "<group>";
		};
/* End PBXGroup section */

/* Begin PBXNativeTarget section */
		906209941A12276100DF5C38 /* SSKTableViewLearning */ = {
			isa = PBXNativeTarget;
			buildConfigurationList = 906209B71A12276100DF5C38 /* Build configuration list for PBXNativeTarget "SSKTableViewLearning" */;
			buildPhases = (
				906209911A12276100DF5C38 /* Sources */,
				906209921A12276100DF5C38 /* Frameworks */,
				906209931A12276100DF5C38 /* Resources */,
			);
			buildRules = (
			);
			dependencies = (
			);
			name = SSKTableViewLearning;
			productName = SSKTableViewLearning;
			productReference = 906209951A12276100DF5C38 /* SSKTableViewLearning.app */;
			productType = "com.apple.product-type.application";
		};
		906209AC1A12276100DF5C38 /* SSKTableViewLearningTests */ = {
			isa = PBXNativeTarget;
			buildConfigurationList = 906209BA1A12276100DF5C38 /* Build configuration list for PBXNativeTarget "SSKTableViewLearningTests" */;
			buildPhases = (
				906209A91A12276100DF5C38 /* Sources */,
				906209AA1A12276100DF5C38 /* Frameworks */,
				906209AB1A12276100DF5C38 /* Resources */,
			);
			buildRules = (
			);
			dependencies = (
				906209AF1A12276100DF5C38 /* PBXTargetDependency */,
			);
			name = SSKTableViewLearningTests;
			productName = SSKTableViewLearningTests;
			productReference = 906209AD1A12276100DF5C38 /* SSKTableViewLearningTests.xctest */;
			productType = "com.apple.product-type.bundle.unit-test";
		};
/* End PBXNativeTarget section */

/* Begin PBXProject section */
		9062098D1A12276100DF5C38 /* Project object */ = {
			isa = PBXProject;
			attributes = {
				LastUpgradeCheck = 0610;
				ORGANIZATIONNAME = "Thanawat Soisakhoo";
				TargetAttributes = {
					906209941A12276100DF5C38 = {
						CreatedOnToolsVersion = 6.1;
					};
					906209AC1A12276100DF5C38 = {
						CreatedOnToolsVersion = 6.1;
						TestTargetID = 906209941A12276100DF5C38;
					};
				};
			};
			buildConfigurationList = 906209901A12276100DF5C38 /* Build configuration list for PBXProject "SSKTableViewLearning" */;
			compatibilityVersion = "Xcode 3.2";
			developmentRegion = English;
			hasScannedForEncodings = 0;
			knownRegions = (
				en,
				Base,
			);
			mainGroup = 9062098C1A12276000DF5C38;
			productRefGroup = 906209961A12276100DF5C38 /* Products */;
			projectDirPath = "";
			projectRoot = "";
			targets = (
				906209941A12276100DF5C38 /* SSKTableViewLearning */,
				906209AC1A12276100DF5C38 /* SSKTableViewLearningTests */,
			);
		};
/* End PBXProject section */

/* Begin PBXResourcesBuildPhase section */
		906209931A12276100DF5C38 /* Resources */ = {
			isa = PBXResourcesBuildPhase;
			buildActionMask = 2147483647;
			files = (
				906209A31A12276100DF5C38 /* Main.storyboard in Resources */,
				906209A81A12276100DF5C38 /* LaunchScreen.xib in Resources */,
				906209A51A12276100DF5C38 /* Images.xcassets in Resources */,
			);
			runOnlyForDeploymentPostprocessing = 0;
		};
		906209AB1A12276100DF5C38 /* Resources */ = {
			isa = PBXResourcesBuildPhase;
			buildActionMask = 2147483647;
			files = (
			);
			runOnlyForDeploymentPostprocessing = 0;
		};
/* End PBXResourcesBuildPhase section */

/* Begin PBXSourcesBuildPhase section */
		906209911A12276100DF5C38 /* Sources */ = {
			isa = PBXSourcesBuildPhase;
			buildActionMask = 2147483647;
			files = (
				90674D951A125C2500D4FCFC /* MainNavigationViewController.swift in Sources */,
				9062099B1A12276100DF5C38 /* AppDelegate.swift in Sources */,
				90674D901A123FD700D4FCFC /* DataManager.swift in Sources */,
				906209BE1A1227BE00DF5C38 /* MainTableViewController.swift in Sources */,
				9062099E1A12276100DF5C38 /* SSKTableViewLearning.xcdatamodeld in Sources */,
				90674D931A125AC300D4FCFC /* LaunchScreenViewController.swift in Sources */,
				90674D8E1A123FBC00D4FCFC /* SwiftyJSON.swift in Sources */,
			);
			runOnlyForDeploymentPostprocessing = 0;
		};
		906209A91A12276100DF5C38 /* Sources */ = {
			isa = PBXSourcesBuildPhase;
			buildActionMask = 2147483647;
			files = (
				906209B41A12276100DF5C38 /* SSKTableViewLearningTests.swift in Sources */,
			);
			runOnlyForDeploymentPostprocessing = 0;
		};
/* End PBXSourcesBuildPhase section */

/* Begin PBXTargetDependency section */
		906209AF1A12276100DF5C38 /* PBXTargetDependency */ = {
			isa = PBXTargetDependency;
			target = 906209941A12276100DF5C38 /* SSKTableViewLearning */;
			targetProxy = 906209AE1A12276100DF5C38 /* PBXContainerItemProxy */;
		};
/* End PBXTargetDependency section */

/* Begin PBXVariantGroup section */
		906209A11A12276100DF5C38 /* Main.storyboard */ = {
			isa = PBXVariantGroup;
			children = (
				906209A21A12276100DF5C38 /* Base */,
			);
			name = Main.storyboard;
			sourceTree = "<group>";
		};
		906209A61A12276100DF5C38 /* LaunchScreen.xib */ = {
			isa = PBXVariantGroup;
			children = (
				906209A71A12276100DF5C38 /* Base */,
			);
			name = LaunchScreen.xib;
			sourceTree = "<group>";
		};
/* End PBXVariantGroup section */

/* Begin XCBuildConfiguration section */
		906209B51A12276100DF5C38 /* Debug */ = {
			isa = XCBuildConfiguration;
			buildSettings = {
				ALWAYS_SEARCH_USER_PATHS = NO;
				CLANG_CXX_LANGUAGE_STANDARD = "gnu++0x";
				CLANG_CXX_LIBRARY = "libc++";
				CLANG_ENABLE_MODULES = YES;
				CLANG_ENABLE_OBJC_ARC = YES;
				CLANG_WARN_BOOL_CONVERSION = YES;
				CLANG_WARN_CONSTANT_CONVERSION = YES;
				CLANG_WARN_DIRECT_OBJC_ISA_USAGE = YES_ERROR;
				CLANG_WARN_EMPTY_BODY = YES;
				CLANG_WARN_ENUM_CONVERSION = YES;
				CLANG_WARN_INT_CONVERSION = YES;
				CLANG_WARN_OBJC_ROOT_CLASS = YES_ERROR;
				CLANG_WARN_UNREACHABLE_CODE = YES;
				CLANG_WARN__DUPLICATE_METHOD_MATCH = YES;
				"CODE_SIGN_IDENTITY[sdk=iphoneos*]" = "iPhone Developer";
				COPY_PHASE_STRIP = NO;
				ENABLE_STRICT_OBJC_MSGSEND = YES;
				GCC_C_LANGUAGE_STANDARD = gnu99;
				GCC_DYNAMIC_NO_PIC = NO;
				GCC_OPTIMIZATION_LEVEL = 0;
				GCC_PREPROCESSOR_DEFINITIONS = (
					"DEBUG=1",
					"$(inherited)",
				);
				GCC_SYMBOLS_PRIVATE_EXTERN = NO;
				GCC_WARN_64_TO_32_BIT_CONVERSION = YES;
				GCC_WARN_ABOUT_RETURN_TYPE = YES_ERROR;
				GCC_WARN_UNDECLARED_SELECTOR = YES;
				GCC_WARN_UNINITIALIZED_AUTOS = YES_AGGRESSIVE;
				GCC_WARN_UNUSED_FUNCTION = YES;
				GCC_WARN_UNUSED_VARIABLE = YES;
				IPHONEOS_DEPLOYMENT_TARGET = 8.1;
				MTL_ENABLE_DEBUG_INFO = YES;
				ONLY_ACTIVE_ARCH = YES;
				SDKROOT = iphoneos;
				SWIFT_OPTIMIZATION_LEVEL = "-Onone";
			};
			name = Debug;
		};
		906209B61A12276100DF5C38 /* Release */ = {
			isa = XCBuildConfiguration;
			buildSettings = {
				ALWAYS_SEARCH_USER_PATHS = NO;
				CLANG_CXX_LANGUAGE_STANDARD = "gnu++0x";
				CLANG_CXX_LIBRARY = "libc++";
				CLANG_ENABLE_MODULES = YES;
				CLANG_ENABLE_OBJC_ARC = YES;
				CLANG_WARN_BOOL_CONVERSION = YES;
				CLANG_WARN_CONSTANT_CONVERSION = YES;
				CLANG_WARN_DIRECT_OBJC_ISA_USAGE = YES_ERROR;
				CLANG_WARN_EMPTY_BODY = YES;
				CLANG_WARN_ENUM_CONVERSION = YES;
				CLANG_WARN_INT_CONVERSION = YES;
				CLANG_WARN_OBJC_ROOT_CLASS = YES_ERROR;
				CLANG_WARN_UNREACHABLE_CODE = YES;
				CLANG_WARN__DUPLICATE_METHOD_MATCH = YES;
				"CODE_SIGN_IDENTITY[sdk=iphoneos*]" = "iPhone Developer";
				COPY_PHASE_STRIP = YES;
				ENABLE_NS_ASSERTIONS = NO;
				ENABLE_STRICT_OBJC_MSGSEND = YES;
				GCC_C_LANGUAGE_STANDARD = gnu99;
				GCC_WARN_64_TO_32_BIT_CONVERSION = YES;
				GCC_WARN_ABOUT_RETURN_TYPE = YES_ERROR;
				GCC_WARN_UNDECLARED_SELECTOR = YES;
				GCC_WARN_UNINITIALIZED_AUTOS = YES_AGGRESSIVE;
				GCC_WARN_UNUSED_FUNCTION = YES;
				GCC_WARN_UNUSED_VARIABLE = YES;
				IPHONEOS_DEPLOYMENT_TARGET = 8.1;
				MTL_ENABLE_DEBUG_INFO = NO;
				SDKROOT = iphoneos;
				VALIDATE_PRODUCT = YES;
			};
			name = Release;
		};
		906209B81A12276100DF5C38 /* Debug */ = {
			isa = XCBuildConfiguration;
			buildSettings = {
				ASSETCATALOG_COMPILER_APPICON_NAME = AppIcon;
				INFOPLIST_FILE = SSKTableViewLearning/Info.plist;
				LD_RUNPATH_SEARCH_PATHS = "$(inherited) @executable_path/Frameworks";
				PRODUCT_NAME = "$(TARGET_NAME)";
			};
			name = Debug;
		};
		906209B91A12276100DF5C38 /* Release */ = {
			isa = XCBuildConfiguration;
			buildSettings = {
				ASSETCATALOG_COMPILER_APPICON_NAME = AppIcon;
				INFOPLIST_FILE = SSKTableViewLearning/Info.plist;
				LD_RUNPATH_SEARCH_PATHS = "$(inherited) @executable_path/Frameworks";
				PRODUCT_NAME = "$(TARGET_NAME)";
			};
			name = Release;
		};
		906209BB1A12276100DF5C38 /* Debug */ = {
			isa = XCBuildConfiguration;
			buildSettings = {
				BUNDLE_LOADER = "$(TEST_HOST)";
				FRAMEWORK_SEARCH_PATHS = (
					"$(SDKROOT)/Developer/Library/Frameworks",
					"$(inherited)",
				);
				GCC_PREPROCESSOR_DEFINITIONS = (
					"DEBUG=1",
					"$(inherited)",
				);
				INFOPLIST_FILE = SSKTableViewLearningTests/Info.plist;
				LD_RUNPATH_SEARCH_PATHS = "$(inherited) @executable_path/Frameworks @loader_path/Frameworks";
				PRODUCT_NAME = "$(TARGET_NAME)";
				TEST_HOST = "$(BUILT_PRODUCTS_DIR)/SSKTableViewLearning.app/SSKTableViewLearning";
			};
			name = Debug;
		};
		906209BC1A12276100DF5C38 /* Release */ = {
			isa = XCBuildConfiguration;
			buildSettings = {
				BUNDLE_LOADER = "$(TEST_HOST)";
				FRAMEWORK_SEARCH_PATHS = (
					"$(SDKROOT)/Developer/Library/Frameworks",
					"$(inherited)",
				);
				INFOPLIST_FILE = SSKTableViewLearningTests/Info.plist;
				LD_RUNPATH_SEARCH_PATHS = "$(inherited) @executable_path/Frameworks @loader_path/Frameworks";
				PRODUCT_NAME = "$(TARGET_NAME)";
				TEST_HOST = "$(BUILT_PRODUCTS_DIR)/SSKTableViewLearning.app/SSKTableViewLearning";
			};
			name = Release;
		};
/* End XCBuildConfiguration section */

/* Begin XCConfigurationList section */
		906209901A12276100DF5C38 /* Build configuration list for PBXProject "SSKTableViewLearning" */ = {
			isa = XCConfigurationList;
			buildConfigurations = (
				906209B51A12276100DF5C38 /* Debug */,
				906209B61A12276100DF5C38 /* Release */,
			);
			defaultConfigurationIsVisible = 0;
			defaultConfigurationName = Release;
		};
		906209B71A12276100DF5C38 /* Build configuration list for PBXNativeTarget "SSKTableViewLearning" */ = {
			isa = XCConfigurationList;
			buildConfigurations = (
				906209B81A12276100DF5C38 /* Debug */,
				906209B91A12276100DF5C38 /* Release */,
			);
			defaultConfigurationIsVisible = 0;
			defaultConfigurationName = Release;
		};
		906209BA1A12276100DF5C38 /* Build configuration list for PBXNativeTarget "SSKTableViewLearningTests" */ = {
			isa = XCConfigurationList;
			buildConfigurations = (
				906209BB1A12276100DF5C38 /* Debug */,
				906209BC1A12276100DF5C38 /* Release */,
			);
			defaultConfigurationIsVisible = 0;
			defaultConfigurationName = Release;
		};
/* End XCConfigurationList section */

/* Begin XCVersionGroup section */
		9062099C1A12276100DF5C38 /* SSKTableViewLearning.xcdatamodeld */ = {
			isa = XCVersionGroup;
			children = (
				9062099D1A12276100DF5C38 /* SSKTableViewLearning.xcdatamodel */,
			);
			currentVersion = 9062099D1A12276100DF5C38 /* SSKTableViewLearning.xcdatamodel */;
			path = SSKTableViewLearning.xcdatamodeld;
			sourceTree = "<group>";
			versionGroupType = wrapper.xcdatamodel;
		};
/* End XCVersionGroup section */
	};
	rootObject = 9062098D1A12276100DF5C38 /* Project object */;
}
